
Microsoft Visual Studio Solution File, Format Version 12.00
# Visual Studio 14
VisualStudioVersion = 14.0.24720.0
MinimumVisualStudioVersion = 10.0.40219.1
Project("{2150E333-8FDC-42A3-9474-1A3956D46DE8}") = "Conexion", "Conexion", "{760ABDD2-F452-4E94-871F-62256691B39B}"
EndProject
Project("{2150E333-8FDC-42A3-9474-1A3956D46DE8}") = "Datos", "Datos", "{574072A0-7D2A-427A-8059-C360B932F35D}"
EndProject
Project("{2150E333-8FDC-42A3-9474-1A3956D46DE8}") = "Entidad", "Entidad", "{D86733C1-671C-4A81-8CA8-34A03210C10F}"
EndProject
Project("{2150E333-8FDC-42A3-9474-1A3956D46DE8}") = "Negocio", "Negocio", "{64B71C30-8207-4361-9B00-A129ACA81094}"
EndProject
Project("{FAE04EC0-301F-11D3-BF4B-00C04F79EFBC}") = "Conexion", "Conexion\Conexion.csproj", "{F856B448-F29C-4590-B691-BF476087E04F}"
EndProject
Project("{FAE04EC0-301F-11D3-BF4B-00C04F79EFBC}") = "Datos", "Datos\Datos.csproj", "{7688CC73-71BD-4E4D-A8FC-F44E8AF9DDEA}"
EndProject
Project("{FAE04EC0-301F-11D3-BF4B-00C04F79EFBC}") = "Entidad", "Entidad\Entidad.csproj", "{66C5DEDD-5574-4A0C-A888-9FB362E68A59}"
EndProject
Project("{FAE04EC0-301F-11D3-BF4B-00C04F79EFBC}") = "Negocio", "Negocio\Negocio.csproj", "{CDF16E93-3BEA-4239-B259-E073B4810A86}"
EndProject
Project("{2150E333-8FDC-42A3-9474-1A3956D46DE8}") = "_ExtensionMethods", "_ExtensionMethods", "{60140D74-E0A8-4045-A4D9-AFF4A3D0F1DA}"
EndProject
Project("{FAE04EC0-301F-11D3-BF4B-00C04F79EFBC}") = "_ExtensionMethods", "_ExtensionMethods\_ExtensionMethods.csproj", "{A650C505-2CF6-4DA1-8F11-84C2E811942D}"
EndProject
Project("{2150E333-8FDC-42A3-9474-1A3956D46DE8}") = "DataWeb", "DataWeb", "{93946942-49DD-415D-B6B5-FC975B48B24B}"
EndProject
Project("{FAE04EC0-301F-11D3-BF4B-00C04F79EFBC}") = "DataWeb", "DataWeb\DataWeb.csproj", "{82AE81A8-901A-4220-91F1-D15462AE1F7A}"
EndProject
Project("{2150E333-8FDC-42A3-9474-1A3956D46DE8}") = "Presentacion", "Presentacion", "{88A23353-2198-4E17-9300-90AA764B4308}"
EndProject
Project("{FAE04EC0-301F-11D3-BF4B-00C04F79EFBC}") = "Presentacion", "Presentacion\Presentacion.csproj", "{3489979A-78E2-4C34-AACA-A49344BC6FF4}"
EndProject
Global
	GlobalSection(SolutionConfigurationPlatforms) = preSolution
		Debug|Any CPU = Debug|Any CPU
		Release|Any CPU = Release|Any CPU
	EndGlobalSection
	GlobalSection(ProjectConfigurationPlatforms) = postSolution
		{F856B448-F29C-4590-B691-BF476087E04F}.Debug|Any CPU.ActiveCfg = Debug|Any CPU
		{F856B448-F29C-4590-B691-BF476087E04F}.Debug|Any CPU.Build.0 = Debug|Any CPU
		{F856B448-F29C-4590-B691-BF476087E04F}.Release|Any CPU.ActiveCfg = Release|Any CPU
		{F856B448-F29C-4590-B691-BF476087E04F}.Release|Any CPU.Build.0 = Release|Any CPU
		{7688CC73-71BD-4E4D-A8FC-F44E8AF9DDEA}.Debug|Any CPU.ActiveCfg = Debug|Any CPU
		{7688CC73-71BD-4E4D-A8FC-F44E8AF9DDEA}.Debug|Any CPU.Build.0 = Debug|Any CPU
		{7688CC73-71BD-4E4D-A8FC-F44E8AF9DDEA}.Release|Any CPU.ActiveCfg = Release|Any CPU
		{7688CC73-71BD-4E4D-A8FC-F44E8AF9DDEA}.Release|Any CPU.Build.0 = Release|Any CPU
		{66C5DEDD-5574-4A0C-A888-9FB362E68A59}.Debug|Any CPU.ActiveCfg = Debug|Any CPU
		{66C5DEDD-5574-4A0C-A888-9FB362E68A59}.Debug|Any CPU.Build.0 = Debug|Any CPU
		{66C5DEDD-5574-4A0C-A888-9FB362E68A59}.Release|Any CPU.ActiveCfg = Release|Any CPU
		{66C5DEDD-5574-4A0C-A888-9FB362E68A59}.Release|Any CPU.Build.0 = Release|Any CPU
		{CDF16E93-3BEA-4239-B259-E073B4810A86}.Debug|Any CPU.ActiveCfg = Debug|Any CPU
		{CDF16E93-3BEA-4239-B259-E073B4810A86}.Debug|Any CPU.Build.0 = Debug|Any CPU
		{CDF16E93-3BEA-4239-B259-E073B4810A86}.Release|Any CPU.ActiveCfg = Release|Any CPU
		{CDF16E93-3BEA-4239-B259-E073B4810A86}.Release|Any CPU.Build.0 = Release|Any CPU
		{A650C505-2CF6-4DA1-8F11-84C2E811942D}.Debug|Any CPU.ActiveCfg = Debug|Any CPU
		{A650C505-2CF6-4DA1-8F11-84C2E811942D}.Debug|Any CPU.Build.0 = Debug|Any CPU
		{A650C505-2CF6-4DA1-8F11-84C2E811942D}.Release|Any CPU.ActiveCfg = Release|Any CPU
		{A650C505-2CF6-4DA1-8F11-84C2E811942D}.Release|Any CPU.Build.0 = Release|Any CPU
		{82AE81A8-901A-4220-91F1-D15462AE1F7A}.Debug|Any CPU.ActiveCfg = Debug|Any CPU
		{82AE81A8-901A-4220-91F1-D15462AE1F7A}.Debug|Any CPU.Build.0 = Debug|Any CPU
		{82AE81A8-901A-4220-91F1-D15462AE1F7A}.Release|Any CPU.ActiveCfg = Release|Any CPU
		{82AE81A8-901A-4220-91F1-D15462AE1F7A}.Release|Any CPU.Build.0 = Release|Any CPU
		{3489979A-78E2-4C34-AACA-A49344BC6FF4}.Debug|Any CPU.ActiveCfg = Debug|Any CPU
		{3489979A-78E2-4C34-AACA-A49344BC6FF4}.Debug|Any CPU.Build.0 = Debug|Any CPU
		{3489979A-78E2-4C34-AACA-A49344BC6FF4}.Release|Any CPU.ActiveCfg = Release|Any CPU
		{3489979A-78E2-4C34-AACA-A49344BC6FF4}.Release|Any CPU.Build.0 = Release|Any CPU
	EndGlobalSection
	GlobalSection(SolutionProperties) = preSolution
		HideSolutionNode = FALSE
	EndGlobalSection
	GlobalSection(NestedProjects) = preSolution
		{F856B448-F29C-4590-B691-BF476087E04F} = {760ABDD2-F452-4E94-871F-62256691B39B}
		{7688CC73-71BD-4E4D-A8FC-F44E8AF9DDEA} = {574072A0-7D2A-427A-8059-C360B932F35D}
		{66C5DEDD-5574-4A0C-A888-9FB362E68A59} = {D86733C1-671C-4A81-8CA8-34A03210C10F}
		{CDF16E93-3BEA-4239-B259-E073B4810A86} = {64B71C30-8207-4361-9B00-A129ACA81094}
		{A650C505-2CF6-4DA1-8F11-84C2E811942D} = {60140D74-E0A8-4045-A4D9-AFF4A3D0F1DA}
		{82AE81A8-901A-4220-91F1-D15462AE1F7A} = {93946942-49DD-415D-B6B5-FC975B48B24B}
		{3489979A-78E2-4C34-AACA-A49344BC6FF4} = {88A23353-2198-4E17-9300-90AA764B4308}
	EndGlobalSection
EndGlobal
